
Microsoft Visual Studio Solution File, Format Version 12.00
# Visual Studio Version 17
VisualStudioVersion = 17.11.35327.3
MinimumVisualStudioVersion = 10.0.40219.1
Project("{FAE04EC0-301F-11D3-BF4B-00C04F79EFBC}") = "EgyptLearning", "EgyptLearning\EgyptLearning.csproj", "{E8C4E0B7-C7BC-42CD-960F-2F7929971C28}"
EndProject
Global
	GlobalSection(SolutionConfigurationPlatforms) = preSolution
		Debug|Any CPU = Debug|Any CPU
		Release|Any CPU = Release|Any CPU
	EndGlobalSection
	GlobalSection(ProjectConfigurationPlatforms) = postSolution
		{E8C4E0B7-C7BC-42CD-960F-2F7929971C28}.Debug|Any CPU.ActiveCfg = Debug|Any CPU
		{E8C4E0B7-C7BC-42CD-960F-2F7929971C28}.Debug|Any CPU.Build.0 = Debug|Any CPU
		{E8C4E0B7-C7BC-42CD-960F-2F7929971C28}.Release|Any CPU.ActiveCfg = Release|Any CPU
		{E8C4E0B7-C7BC-42CD-960F-2F7929971C28}.Release|Any CPU.Build.0 = Release|Any CPU
	EndGlobalSection
	GlobalSection(SolutionProperties) = preSolution
		HideSolutionNode = FALSE
	EndGlobalSection
	GlobalSection(ExtensibilityGlobals) = postSolution
		SolutionGuid = {A4BFA141-EA29-4FC2-80FC-38BE37ED481E}
	EndGlobalSection
EndGlobal
